// !$*UTF8*$!
{
	archiveVersion = 1;
	classes = {
	};
	objectVersion = 56;
	objects = {

/* Begin PBXBuildFile section */
		B36A276B2A49F4D400CD4633 /* BudgetBuddyApp.swift in Sources */ = {isa = PBXBuildFile; fileRef = B36A276A2A49F4D400CD4633 /* BudgetBuddyApp.swift */; };
		B36A276D2A49F4D400CD4633 /* ContentView.swift in Sources */ = {isa = PBXBuildFile; fileRef = B36A276C2A49F4D400CD4633 /* ContentView.swift */; };
		B36A276F2A49F4D400CD4633 /* Assets.xcassets in Resources */ = {isa = PBXBuildFile; fileRef = B36A276E2A49F4D400CD4633 /* Assets.xcassets */; };
		B36A27722A49F4D400CD4633 /* Preview Assets.xcassets in Resources */ = {isa = PBXBuildFile; fileRef = B36A27712A49F4D400CD4633 /* Preview Assets.xcassets */; };
		B36A27792A4A00F300CD4633 /* Extensions.swift in Sources */ = {isa = PBXBuildFile; fileRef = B36A27782A4A00F300CD4633 /* Extensions.swift */; };
		B36A277B2A4A06BF00CD4633 /* TransactionModel.swift in Sources */ = {isa = PBXBuildFile; fileRef = B36A277A2A4A06BF00CD4633 /* TransactionModel.swift */; };
		B36A277D2A4A07D100CD4633 /* PreviewData.swift in Sources */ = {isa = PBXBuildFile; fileRef = B36A277C2A4A07D100CD4633 /* PreviewData.swift */; };
		B36A277F2A4A08A000CD4633 /* TransactionRow.swift in Sources */ = {isa = PBXBuildFile; fileRef = B36A277E2A4A08A000CD4633 /* TransactionRow.swift */; };
		B36A27822A4A14A900CD4633 /* SwiftUIFontIcon in Frameworks */ = {isa = PBXBuildFile; productRef = B36A27812A4A14A900CD4633 /* SwiftUIFontIcon */; };
		B36A27842A4A20FC00CD4633 /* TransactionListViewModel.swift in Sources */ = {isa = PBXBuildFile; fileRef = B36A27832A4A20FC00CD4633 /* TransactionListViewModel.swift */; };
		B36A27862A4A2E8800CD4633 /* RecentTransactionList.swift in Sources */ = {isa = PBXBuildFile; fileRef = B36A27852A4A2E8800CD4633 /* RecentTransactionList.swift */; };
		B36A27882A4A90AF00CD4633 /* TransactionList.swift in Sources */ = {isa = PBXBuildFile; fileRef = B36A27872A4A90AF00CD4633 /* TransactionList.swift */; };
		B36A278B2A4A94D500CD4633 /* Collections in Frameworks */ = {isa = PBXBuildFile; productRef = B36A278A2A4A94D500CD4633 /* Collections */; };
		B36A278E2A4A99B600CD4633 /* SwiftUICharts in Frameworks */ = {isa = PBXBuildFile; productRef = B36A278D2A4A99B600CD4633 /* SwiftUICharts */; };
		B36A27902A4B8BAD00CD4633 /* transactions.json in Resources */ = {isa = PBXBuildFile; fileRef = B36A278F2A4B8BAD00CD4633 /* transactions.json */; };
		B36A27922A4BE2B100CD4633 /* NewTransaction.swift in Sources */ = {isa = PBXBuildFile; fileRef = B36A27912A4BE2B100CD4633 /* NewTransaction.swift */; };
		B36A279E2A65C6E500CD4633 /* RecentActivityChart.swift in Sources */ = {isa = PBXBuildFile; fileRef = B36A279D2A65C6E500CD4633 /* RecentActivityChart.swift */; };
		B36A27A12A65C9FB00CD4633 /* TransactionsOverview.swift in Sources */ = {isa = PBXBuildFile; fileRef = B36A27A02A65C9FB00CD4633 /* TransactionsOverview.swift */; };
		B36A27A72A68720B00CD4633 /* MonthlyBillModel.swift in Sources */ = {isa = PBXBuildFile; fileRef = B36A27A62A68720B00CD4633 /* MonthlyBillModel.swift */; };
		B36A27A92A68733200CD4633 /* MonthlyBillsViewModel.swift in Sources */ = {isa = PBXBuildFile; fileRef = B36A27A82A68733200CD4633 /* MonthlyBillsViewModel.swift */; };
		B36A27AB2A68752200CD4633 /* MonthlyBillsView.swift in Sources */ = {isa = PBXBuildFile; fileRef = B36A27AA2A68752200CD4633 /* MonthlyBillsView.swift */; };
		B36A27AD2A68804000CD4633 /* BillRowView.swift in Sources */ = {isa = PBXBuildFile; fileRef = B36A27AC2A68804000CD4633 /* BillRowView.swift */; };
		B36A27AF2A68986400CD4633 /* EditBillView.swift in Sources */ = {isa = PBXBuildFile; fileRef = B36A27AE2A68986400CD4633 /* EditBillView.swift */; };
/* End PBXBuildFile section */

/* Begin PBXFileReference section */
		B36A27672A49F4D400CD4633 /* BudgetBuddy.app */ = {isa = PBXFileReference; explicitFileType = wrapper.application; includeInIndex = 0; path = BudgetBuddy.app; sourceTree = BUILT_PRODUCTS_DIR; };
		B36A276A2A49F4D400CD4633 /* BudgetBuddyApp.swift */ = {isa = PBXFileReference; lastKnownFileType = sourcecode.swift; path = BudgetBuddyApp.swift; sourceTree = "<group>"; };
		B36A276C2A49F4D400CD4633 /* ContentView.swift */ = {isa = PBXFileReference; lastKnownFileType = sourcecode.swift; path = ContentView.swift; sourceTree = "<group>"; };
		B36A276E2A49F4D400CD4633 /* Assets.xcassets */ = {isa = PBXFileReference; lastKnownFileType = folder.assetcatalog; path = Assets.xcassets; sourceTree = "<group>"; };
		B36A27712A49F4D400CD4633 /* Preview Assets.xcassets */ = {isa = PBXFileReference; lastKnownFileType = folder.assetcatalog; path = "Preview Assets.xcassets"; sourceTree = "<group>"; };
		B36A27782A4A00F300CD4633 /* Extensions.swift */ = {isa = PBXFileReference; lastKnownFileType = sourcecode.swift; path = Extensions.swift; sourceTree = "<group>"; };
		B36A277A2A4A06BF00CD4633 /* TransactionModel.swift */ = {isa = PBXFileReference; lastKnownFileType = sourcecode.swift; path = TransactionModel.swift; sourceTree = "<group>"; };
		B36A277C2A4A07D100CD4633 /* PreviewData.swift */ = {isa = PBXFileReference; lastKnownFileType = sourcecode.swift; path = PreviewData.swift; sourceTree = "<group>"; };
		B36A277E2A4A08A000CD4633 /* TransactionRow.swift */ = {isa = PBXFileReference; lastKnownFileType = sourcecode.swift; path = TransactionRow.swift; sourceTree = "<group>"; };
		B36A27832A4A20FC00CD4633 /* TransactionListViewModel.swift */ = {isa = PBXFileReference; lastKnownFileType = sourcecode.swift; path = TransactionListViewModel.swift; sourceTree = "<group>"; };
		B36A27852A4A2E8800CD4633 /* RecentTransactionList.swift */ = {isa = PBXFileReference; lastKnownFileType = sourcecode.swift; path = RecentTransactionList.swift; sourceTree = "<group>"; };
		B36A27872A4A90AF00CD4633 /* TransactionList.swift */ = {isa = PBXFileReference; lastKnownFileType = sourcecode.swift; path = TransactionList.swift; sourceTree = "<group>"; };
		B36A278F2A4B8BAD00CD4633 /* transactions.json */ = {isa = PBXFileReference; fileEncoding = 4; lastKnownFileType = text.json; path = transactions.json; sourceTree = "<group>"; };
		B36A27912A4BE2B100CD4633 /* NewTransaction.swift */ = {isa = PBXFileReference; lastKnownFileType = sourcecode.swift; path = NewTransaction.swift; sourceTree = "<group>"; };
		B36A279D2A65C6E500CD4633 /* RecentActivityChart.swift */ = {isa = PBXFileReference; lastKnownFileType = sourcecode.swift; path = RecentActivityChart.swift; sourceTree = "<group>"; };
		B36A27A02A65C9FB00CD4633 /* TransactionsOverview.swift */ = {isa = PBXFileReference; lastKnownFileType = sourcecode.swift; path = TransactionsOverview.swift; sourceTree = "<group>"; };
		B36A27A62A68720B00CD4633 /* MonthlyBillModel.swift */ = {isa = PBXFileReference; lastKnownFileType = sourcecode.swift; path = MonthlyBillModel.swift; sourceTree = "<group>"; };
		B36A27A82A68733200CD4633 /* MonthlyBillsViewModel.swift */ = {isa = PBXFileReference; lastKnownFileType = sourcecode.swift; path = MonthlyBillsViewModel.swift; sourceTree = "<group>"; };
		B36A27AA2A68752200CD4633 /* MonthlyBillsView.swift */ = {isa = PBXFileReference; lastKnownFileType = sourcecode.swift; path = MonthlyBillsView.swift; sourceTree = "<group>"; };
		B36A27AC2A68804000CD4633 /* BillRowView.swift */ = {isa = PBXFileReference; lastKnownFileType = sourcecode.swift; path = BillRowView.swift; sourceTree = "<group>"; };
		B36A27AE2A68986400CD4633 /* EditBillView.swift */ = {isa = PBXFileReference; lastKnownFileType = sourcecode.swift; path = EditBillView.swift; sourceTree = "<group>"; };
/* End PBXFileReference section */

/* Begin PBXFrameworksBuildPhase section */
		B36A27642A49F4D400CD4633 /* Frameworks */ = {
			isa = PBXFrameworksBuildPhase;
			buildActionMask = 2147483647;
			files = (
				B36A278E2A4A99B600CD4633 /* SwiftUICharts in Frameworks */,
				B36A278B2A4A94D500CD4633 /* Collections in Frameworks */,
				B36A27822A4A14A900CD4633 /* SwiftUIFontIcon in Frameworks */,
			);
			runOnlyForDeploymentPostprocessing = 0;
		};
/* End PBXFrameworksBuildPhase section */

/* Begin PBXGroup section */
		B36A275E2A49F4D400CD4633 = {
			isa = PBXGroup;
			children = (
				B36A27692A49F4D400CD4633 /* BudgetBuddy */,
				B36A278F2A4B8BAD00CD4633 /* transactions.json */,
				B36A27682A49F4D400CD4633 /* Products */,
			);
			sourceTree = "<group>";
		};
		B36A27682A49F4D400CD4633 /* Products */ = {
			isa = PBXGroup;
			children = (
				B36A27672A49F4D400CD4633 /* BudgetBuddy.app */,
			);
			name = Products;
			sourceTree = "<group>";
		};
		B36A27692A49F4D400CD4633 /* BudgetBuddy */ = {
			isa = PBXGroup;
			children = (
				B36A276A2A49F4D400CD4633 /* BudgetBuddyApp.swift */,
				B36A279F2A65C95300CD4633 /* Views */,
				B36A27832A4A20FC00CD4633 /* TransactionListViewModel.swift */,
				B36A277A2A4A06BF00CD4633 /* TransactionModel.swift */,
				B36A27782A4A00F300CD4633 /* Extensions.swift */,
				B36A276E2A49F4D400CD4633 /* Assets.xcassets */,
				B36A27702A49F4D400CD4633 /* Preview Content */,
				B36A27A62A68720B00CD4633 /* MonthlyBillModel.swift */,
				B36A27A82A68733200CD4633 /* MonthlyBillsViewModel.swift */,
			);
			path = BudgetBuddy;
			sourceTree = "<group>";
		};
		B36A27702A49F4D400CD4633 /* Preview Content */ = {
			isa = PBXGroup;
			children = (
				B36A27712A49F4D400CD4633 /* Preview Assets.xcassets */,
				B36A277C2A4A07D100CD4633 /* PreviewData.swift */,
			);
			path = "Preview Content";
			sourceTree = "<group>";
		};
		B36A279F2A65C95300CD4633 /* Views */ = {
			isa = PBXGroup;
			children = (
				B36A276C2A49F4D400CD4633 /* ContentView.swift */,
				B36A27A32A65CDCB00CD4633 /* Monthly */,
				B36A27A22A65CD8F00CD4633 /* Overview */,
			);
			path = Views;
			sourceTree = "<group>";
		};
		B36A27A22A65CD8F00CD4633 /* Overview */ = {
			isa = PBXGroup;
			children = (
				B36A27A02A65C9FB00CD4633 /* TransactionsOverview.swift */,
				B36A27852A4A2E8800CD4633 /* RecentTransactionList.swift */,
				B36A27912A4BE2B100CD4633 /* NewTransaction.swift */,
				B36A27872A4A90AF00CD4633 /* TransactionList.swift */,
				B36A277E2A4A08A000CD4633 /* TransactionRow.swift */,
				B36A279D2A65C6E500CD4633 /* RecentActivityChart.swift */,
			);
			path = Overview;
			sourceTree = "<group>";
		};
		B36A27A32A65CDCB00CD4633 /* Monthly */ = {
			isa = PBXGroup;
			children = (
				B36A27AA2A68752200CD4633 /* MonthlyBillsView.swift */,
				B36A27AC2A68804000CD4633 /* BillRowView.swift */,
				B36A27AE2A68986400CD4633 /* EditBillView.swift */,
			);
			path = Monthly;
			sourceTree = "<group>";
		};
/* End PBXGroup section */

/* Begin PBXNativeTarget section */
		B36A27662A49F4D400CD4633 /* BudgetBuddy */ = {
			isa = PBXNativeTarget;
			buildConfigurationList = B36A27752A49F4D400CD4633 /* Build configuration list for PBXNativeTarget "BudgetBuddy" */;
			buildPhases = (
				B36A27632A49F4D400CD4633 /* Sources */,
				B36A27642A49F4D400CD4633 /* Frameworks */,
				B36A27652A49F4D400CD4633 /* Resources */,
			);
			buildRules = (
			);
			dependencies = (
			);
			name = BudgetBuddy;
			packageProductDependencies = (
				B36A27812A4A14A900CD4633 /* SwiftUIFontIcon */,
				B36A278A2A4A94D500CD4633 /* Collections */,
				B36A278D2A4A99B600CD4633 /* SwiftUICharts */,
			);
			productName = BudgetBuddy;
			productReference = B36A27672A49F4D400CD4633 /* BudgetBuddy.app */;
			productType = "com.apple.product-type.application";
		};
/* End PBXNativeTarget section */

/* Begin PBXProject section */
		B36A275F2A49F4D400CD4633 /* Project object */ = {
			isa = PBXProject;
			attributes = {
				BuildIndependentTargetsInParallel = 1;
				LastSwiftUpdateCheck = 1430;
				LastUpgradeCheck = 1430;
				TargetAttributes = {
					B36A27662A49F4D400CD4633 = {
						CreatedOnToolsVersion = 14.3.1;
					};
				};
			};
			buildConfigurationList = B36A27622A49F4D400CD4633 /* Build configuration list for PBXProject "BudgetBuddy" */;
			compatibilityVersion = "Xcode 14.0";
			developmentRegion = en;
			hasScannedForEncodings = 0;
			knownRegions = (
				en,
				Base,
			);
			mainGroup = B36A275E2A49F4D400CD4633;
			packageReferences = (
				B36A27802A4A14A900CD4633 /* XCRemoteSwiftPackageReference "SwiftUIFontIcon" */,
				B36A27892A4A94D500CD4633 /* XCRemoteSwiftPackageReference "swift-collections" */,
				B36A278C2A4A99B600CD4633 /* XCRemoteSwiftPackageReference "ChartView" */,
			);
			productRefGroup = B36A27682A49F4D400CD4633 /* Products */;
			projectDirPath = "";
			projectRoot = "";
			targets = (
				B36A27662A49F4D400CD4633 /* BudgetBuddy */,
			);
		};
/* End PBXProject section */

/* Begin PBXResourcesBuildPhase section */
		B36A27652A49F4D400CD4633 /* Resources */ = {
			isa = PBXResourcesBuildPhase;
			buildActionMask = 2147483647;
			files = (
				B36A27902A4B8BAD00CD4633 /* transactions.json in Resources */,
				B36A27722A49F4D400CD4633 /* Preview Assets.xcassets in Resources */,
				B36A276F2A49F4D400CD4633 /* Assets.xcassets in Resources */,
			);
			runOnlyForDeploymentPostprocessing = 0;
		};
/* End PBXResourcesBuildPhase section */

/* Begin PBXSourcesBuildPhase section */
		B36A27632A49F4D400CD4633 /* Sources */ = {
			isa = PBXSourcesBuildPhase;
			buildActionMask = 2147483647;
			files = (
				B36A277D2A4A07D100CD4633 /* PreviewData.swift in Sources */,
				B36A27A12A65C9FB00CD4633 /* TransactionsOverview.swift in Sources */,
				B36A27AD2A68804000CD4633 /* BillRowView.swift in Sources */,
				B36A27882A4A90AF00CD4633 /* TransactionList.swift in Sources */,
				B36A27AF2A68986400CD4633 /* EditBillView.swift in Sources */,
				B36A27862A4A2E8800CD4633 /* RecentTransactionList.swift in Sources */,
				B36A27A92A68733200CD4633 /* MonthlyBillsViewModel.swift in Sources */,
				B36A277B2A4A06BF00CD4633 /* TransactionModel.swift in Sources */,
				B36A276D2A49F4D400CD4633 /* ContentView.swift in Sources */,
				B36A279E2A65C6E500CD4633 /* RecentActivityChart.swift in Sources */,
				B36A27A72A68720B00CD4633 /* MonthlyBillModel.swift in Sources */,
				B36A277F2A4A08A000CD4633 /* TransactionRow.swift in Sources */,
				B36A27792A4A00F300CD4633 /* Extensions.swift in Sources */,
				B36A27922A4BE2B100CD4633 /* NewTransaction.swift in Sources */,
				B36A27842A4A20FC00CD4633 /* TransactionListViewModel.swift in Sources */,
				B36A27AB2A68752200CD4633 /* MonthlyBillsView.swift in Sources */,
				B36A276B2A49F4D400CD4633 /* BudgetBuddyApp.swift in Sources */,
			);
			runOnlyForDeploymentPostprocessing = 0;
		};
/* End PBXSourcesBuildPhase section */

/* Begin XCBuildConfiguration section */
		B36A27732A49F4D400CD4633 /* Debug */ = {
			isa = XCBuildConfiguration;
			buildSettings = {
				ALWAYS_SEARCH_USER_PATHS = NO;
				CLANG_ANALYZER_NONNULL = YES;
				CLANG_ANALYZER_NUMBER_OBJECT_CONVERSION = YES_AGGRESSIVE;
				CLANG_CXX_LANGUAGE_STANDARD = "gnu++20";
				CLANG_ENABLE_MODULES = YES;
				CLANG_ENABLE_OBJC_ARC = YES;
				CLANG_ENABLE_OBJC_WEAK = YES;
				CLANG_WARN_BLOCK_CAPTURE_AUTORELEASING = YES;
				CLANG_WARN_BOOL_CONVERSION = YES;
				CLANG_WARN_COMMA = YES;
				CLANG_WARN_CONSTANT_CONVERSION = YES;
				CLANG_WARN_DEPRECATED_OBJC_IMPLEMENTATIONS = YES;
				CLANG_WARN_DIRECT_OBJC_ISA_USAGE = YES_ERROR;
				CLANG_WARN_DOCUMENTATION_COMMENTS = YES;
				CLANG_WARN_EMPTY_BODY = YES;
				CLANG_WARN_ENUM_CONVERSION = YES;
				CLANG_WARN_INFINITE_RECURSION = YES;
				CLANG_WARN_INT_CONVERSION = YES;
				CLANG_WARN_NON_LITERAL_NULL_CONVERSION = YES;
				CLANG_WARN_OBJC_IMPLICIT_RETAIN_SELF = YES;
				CLANG_WARN_OBJC_LITERAL_CONVERSION = YES;
				CLANG_WARN_OBJC_ROOT_CLASS = YES_ERROR;
				CLANG_WARN_QUOTED_INCLUDE_IN_FRAMEWORK_HEADER = YES;
				CLANG_WARN_RANGE_LOOP_ANALYSIS = YES;
				CLANG_WARN_STRICT_PROTOTYPES = YES;
				CLANG_WARN_SUSPICIOUS_MOVE = YES;
				CLANG_WARN_UNGUARDED_AVAILABILITY = YES_AGGRESSIVE;
				CLANG_WARN_UNREACHABLE_CODE = YES;
				CLANG_WARN__DUPLICATE_METHOD_MATCH = YES;
				COPY_PHASE_STRIP = NO;
				DEBUG_INFORMATION_FORMAT = dwarf;
				ENABLE_STRICT_OBJC_MSGSEND = YES;
				ENABLE_TESTABILITY = YES;
				GCC_C_LANGUAGE_STANDARD = gnu11;
				GCC_DYNAMIC_NO_PIC = NO;
				GCC_NO_COMMON_BLOCKS = YES;
				GCC_OPTIMIZATION_LEVEL = 0;
				GCC_PREPROCESSOR_DEFINITIONS = (
					"DEBUG=1",
					"$(inherited)",
				);
				GCC_WARN_64_TO_32_BIT_CONVERSION = YES;
				GCC_WARN_ABOUT_RETURN_TYPE = YES_ERROR;
				GCC_WARN_UNDECLARED_SELECTOR = YES;
				GCC_WARN_UNINITIALIZED_AUTOS = YES_AGGRESSIVE;
				GCC_WARN_UNUSED_FUNCTION = YES;
				GCC_WARN_UNUSED_VARIABLE = YES;
				IPHONEOS_DEPLOYMENT_TARGET = 16.4;
				MTL_ENABLE_DEBUG_INFO = INCLUDE_SOURCE;
				MTL_FAST_MATH = YES;
				ONLY_ACTIVE_ARCH = YES;
				SDKROOT = iphoneos;
				SWIFT_ACTIVE_COMPILATION_CONDITIONS = DEBUG;
				SWIFT_OPTIMIZATION_LEVEL = "-Onone";
			};
			name = Debug;
		};
		B36A27742A49F4D400CD4633 /* Release */ = {
			isa = XCBuildConfiguration;
			buildSettings = {
				ALWAYS_SEARCH_USER_PATHS = NO;
				CLANG_ANALYZER_NONNULL = YES;
				CLANG_ANALYZER_NUMBER_OBJECT_CONVERSION = YES_AGGRESSIVE;
				CLANG_CXX_LANGUAGE_STANDARD = "gnu++20";
				CLANG_ENABLE_MODULES = YES;
				CLANG_ENABLE_OBJC_ARC = YES;
				CLANG_ENABLE_OBJC_WEAK = YES;
				CLANG_WARN_BLOCK_CAPTURE_AUTORELEASING = YES;
				CLANG_WARN_BOOL_CONVERSION = YES;
				CLANG_WARN_COMMA = YES;
				CLANG_WARN_CONSTANT_CONVERSION = YES;
				CLANG_WARN_DEPRECATED_OBJC_IMPLEMENTATIONS = YES;
				CLANG_WARN_DIRECT_OBJC_ISA_USAGE = YES_ERROR;
				CLANG_WARN_DOCUMENTATION_COMMENTS = YES;
				CLANG_WARN_EMPTY_BODY = YES;
				CLANG_WARN_ENUM_CONVERSION = YES;
				CLANG_WARN_INFINITE_RECURSION = YES;
				CLANG_WARN_INT_CONVERSION = YES;
				CLANG_WARN_NON_LITERAL_NULL_CONVERSION = YES;
				CLANG_WARN_OBJC_IMPLICIT_RETAIN_SELF = YES;
				CLANG_WARN_OBJC_LITERAL_CONVERSION = YES;
				CLANG_WARN_OBJC_ROOT_CLASS = YES_ERROR;
				CLANG_WARN_QUOTED_INCLUDE_IN_FRAMEWORK_HEADER = YES;
				CLANG_WARN_RANGE_LOOP_ANALYSIS = YES;
				CLANG_WARN_STRICT_PROTOTYPES = YES;
				CLANG_WARN_SUSPICIOUS_MOVE = YES;
				CLANG_WARN_UNGUARDED_AVAILABILITY = YES_AGGRESSIVE;
				CLANG_WARN_UNREACHABLE_CODE = YES;
				CLANG_WARN__DUPLICATE_METHOD_MATCH = YES;
				COPY_PHASE_STRIP = NO;
				DEBUG_INFORMATION_FORMAT = "dwarf-with-dsym";
				ENABLE_NS_ASSERTIONS = NO;
				ENABLE_STRICT_OBJC_MSGSEND = YES;
				GCC_C_LANGUAGE_STANDARD = gnu11;
				GCC_NO_COMMON_BLOCKS = YES;
				GCC_WARN_64_TO_32_BIT_CONVERSION = YES;
				GCC_WARN_ABOUT_RETURN_TYPE = YES_ERROR;
				GCC_WARN_UNDECLARED_SELECTOR = YES;
				GCC_WARN_UNINITIALIZED_AUTOS = YES_AGGRESSIVE;
				GCC_WARN_UNUSED_FUNCTION = YES;
				GCC_WARN_UNUSED_VARIABLE = YES;
				IPHONEOS_DEPLOYMENT_TARGET = 16.4;
				MTL_ENABLE_DEBUG_INFO = NO;
				MTL_FAST_MATH = YES;
				SDKROOT = iphoneos;
				SWIFT_COMPILATION_MODE = wholemodule;
				SWIFT_OPTIMIZATION_LEVEL = "-O";
				VALIDATE_PRODUCT = YES;
			};
			name = Release;
		};
		B36A27762A49F4D400CD4633 /* Debug */ = {
			isa = XCBuildConfiguration;
			buildSettings = {
				ASSETCATALOG_COMPILER_APPICON_NAME = AppIcon;
				ASSETCATALOG_COMPILER_GLOBAL_ACCENT_COLOR_NAME = AccentColor;
				CODE_SIGN_STYLE = Automatic;
				CURRENT_PROJECT_VERSION = 1;
				DEVELOPMENT_ASSET_PATHS = "\"BudgetBuddy/Preview Content\"";
				DEVELOPMENT_TEAM = 2838CH2MKF;
				ENABLE_PREVIEWS = YES;
				GENERATE_INFOPLIST_FILE = YES;
				INFOPLIST_KEY_UIApplicationSceneManifest_Generation = YES;
				INFOPLIST_KEY_UIApplicationSupportsIndirectInputEvents = YES;
				INFOPLIST_KEY_UILaunchScreen_Generation = YES;
				INFOPLIST_KEY_UISupportedInterfaceOrientations_iPad = "UIInterfaceOrientationPortrait UIInterfaceOrientationPortraitUpsideDown UIInterfaceOrientationLandscapeLeft UIInterfaceOrientationLandscapeRight";
				INFOPLIST_KEY_UISupportedInterfaceOrientations_iPhone = "UIInterfaceOrientationPortrait UIInterfaceOrientationLandscapeLeft UIInterfaceOrientationLandscapeRight";
				LD_RUNPATH_SEARCH_PATHS = (
					"$(inherited)",
					"@executable_path/Frameworks",
				);
				MARKETING_VERSION = 1.0;
				PRODUCT_BUNDLE_IDENTIFIER = com.tacuri.BudgetBuddy;
				PRODUCT_NAME = "$(TARGET_NAME)";
				SWIFT_EMIT_LOC_STRINGS = YES;
				SWIFT_VERSION = 5.0;
				TARGETED_DEVICE_FAMILY = "1,2";
			};
			name = Debug;
		};
		B36A27772A49F4D400CD4633 /* Release */ = {
			isa = XCBuildConfiguration;
			buildSettings = {
				ASSETCATALOG_COMPILER_APPICON_NAME = AppIcon;
				ASSETCATALOG_COMPILER_GLOBAL_ACCENT_COLOR_NAME = AccentColor;
				CODE_SIGN_STYLE = Automatic;
				CURRENT_PROJECT_VERSION = 1;
				DEVELOPMENT_ASSET_PATHS = "\"BudgetBuddy/Preview Content\"";
				DEVELOPMENT_TEAM = 2838CH2MKF;
				ENABLE_PREVIEWS = YES;
				GENERATE_INFOPLIST_FILE = YES;
				INFOPLIST_KEY_UIApplicationSceneManifest_Generation = YES;
				INFOPLIST_KEY_UIApplicationSupportsIndirectInputEvents = YES;
				INFOPLIST_KEY_UILaunchScreen_Generation = YES;
				INFOPLIST_KEY_UISupportedInterfaceOrientations_iPad = "UIInterfaceOrientationPortrait UIInterfaceOrientationPortraitUpsideDown UIInterfaceOrientationLandscapeLeft UIInterfaceOrientationLandscapeRight";
				INFOPLIST_KEY_UISupportedInterfaceOrientations_iPhone = "UIInterfaceOrientationPortrait UIInterfaceOrientationLandscapeLeft UIInterfaceOrientationLandscapeRight";
				LD_RUNPATH_SEARCH_PATHS = (
					"$(inherited)",
					"@executable_path/Frameworks",
				);
				MARKETING_VERSION = 1.0;
				PRODUCT_BUNDLE_IDENTIFIER = com.tacuri.BudgetBuddy;
				PRODUCT_NAME = "$(TARGET_NAME)";
				SWIFT_EMIT_LOC_STRINGS = YES;
				SWIFT_VERSION = 5.0;
				TARGETED_DEVICE_FAMILY = "1,2";
			};
			name = Release;
		};
/* End XCBuildConfiguration section */

/* Begin XCConfigurationList section */
		B36A27622A49F4D400CD4633 /* Build configuration list for PBXProject "BudgetBuddy" */ = {
			isa = XCConfigurationList;
			buildConfigurations = (
				B36A27732A49F4D400CD4633 /* Debug */,
				B36A27742A49F4D400CD4633 /* Release */,
			);
			defaultConfigurationIsVisible = 0;
			defaultConfigurationName = Release;
		};
		B36A27752A49F4D400CD4633 /* Build configuration list for PBXNativeTarget "BudgetBuddy" */ = {
			isa = XCConfigurationList;
			buildConfigurations = (
				B36A27762A49F4D400CD4633 /* Debug */,
				B36A27772A49F4D400CD4633 /* Release */,
			);
			defaultConfigurationIsVisible = 0;
			defaultConfigurationName = Release;
		};
/* End XCConfigurationList section */

/* Begin XCRemoteSwiftPackageReference section */
		B36A27802A4A14A900CD4633 /* XCRemoteSwiftPackageReference "SwiftUIFontIcon" */ = {
			isa = XCRemoteSwiftPackageReference;
			repositoryURL = "https://github.com/huybuidac/SwiftUIFontIcon";
			requirement = {
				branch = master;
				kind = branch;
			};
		};
		B36A27892A4A94D500CD4633 /* XCRemoteSwiftPackageReference "swift-collections" */ = {
			isa = XCRemoteSwiftPackageReference;
			repositoryURL = "https://github.com/apple/swift-collections.git";
			requirement = {
				kind = upToNextMajorVersion;
				minimumVersion = 1.0.4;
			};
		};
		B36A278C2A4A99B600CD4633 /* XCRemoteSwiftPackageReference "ChartView" */ = {
			isa = XCRemoteSwiftPackageReference;
			repositoryURL = "https://github.com/AppPear/ChartView";
			requirement = {
				kind = exactVersion;
				version = "2.0.0-beta.2";
			};
		};
/* End XCRemoteSwiftPackageReference section */

/* Begin XCSwiftPackageProductDependency section */
		B36A27812A4A14A900CD4633 /* SwiftUIFontIcon */ = {
			isa = XCSwiftPackageProductDependency;
			package = B36A27802A4A14A900CD4633 /* XCRemoteSwiftPackageReference "SwiftUIFontIcon" */;
			productName = SwiftUIFontIcon;
		};
		B36A278A2A4A94D500CD4633 /* Collections */ = {
			isa = XCSwiftPackageProductDependency;
			package = B36A27892A4A94D500CD4633 /* XCRemoteSwiftPackageReference "swift-collections" */;
			productName = Collections;
		};
		B36A278D2A4A99B600CD4633 /* SwiftUICharts */ = {
			isa = XCSwiftPackageProductDependency;
			package = B36A278C2A4A99B600CD4633 /* XCRemoteSwiftPackageReference "ChartView" */;
			productName = SwiftUICharts;
		};
/* End XCSwiftPackageProductDependency section */
	};
	rootObject = B36A275F2A49F4D400CD4633 /* Project object */;
}
